// !$*UTF8*$!
{
	archiveVersion = 1;
	classes = {
	};
	objectVersion = 46;
	objects = {

/* Begin PBXBuildFile section */
		2556F1681F320CDD00097C8A /* ViewController.swift in Sources */ = {isa = PBXBuildFile; fileRef = 2556F1671F320CDD00097C8A /* ViewController.swift */; };
		2556F16B1F320CDD00097C8A /* Main.storyboard in Resources */ = {isa = PBXBuildFile; fileRef = 2556F1691F320CDD00097C8A /* Main.storyboard */; };
		2556F16D1F320CDD00097C8A /* Assets.xcassets in Resources */ = {isa = PBXBuildFile; fileRef = 2556F16C1F320CDD00097C8A /* Assets.xcassets */; };
		2556F1701F320CDD00097C8A /* LaunchScreen.storyboard in Resources */ = {isa = PBXBuildFile; fileRef = 2556F16E1F320CDD00097C8A /* LaunchScreen.storyboard */; };
		2556F17B1F320CDD00097C8A /* WeatherAppTests.swift in Sources */ = {isa = PBXBuildFile; fileRef = 2556F17A1F320CDD00097C8A /* WeatherAppTests.swift */; };
		2556F1861F320CDD00097C8A /* WeatherAppUITests.swift in Sources */ = {isa = PBXBuildFile; fileRef = 2556F1851F320CDD00097C8A /* WeatherAppUITests.swift */; };
		2556F1981F320DB400097C8A /* AppDelegate.swift in Sources */ = {isa = PBXBuildFile; fileRef = 2556F1971F320DB400097C8A /* AppDelegate.swift */; };
/* End PBXBuildFile section */

/* Begin PBXContainerItemProxy section */
		2556F1771F320CDD00097C8A /* PBXContainerItemProxy */ = {
			isa = PBXContainerItemProxy;
			containerPortal = 2556F15A1F320CDD00097C8A /* Project object */;
			proxyType = 1;
			remoteGlobalIDString = 2556F1611F320CDD00097C8A;
			remoteInfo = WeatherApp;
		};
		2556F1821F320CDD00097C8A /* PBXContainerItemProxy */ = {
			isa = PBXContainerItemProxy;
			containerPortal = 2556F15A1F320CDD00097C8A /* Project object */;
			proxyType = 1;
			remoteGlobalIDString = 2556F1611F320CDD00097C8A;
			remoteInfo = WeatherApp;
		};
/* End PBXContainerItemProxy section */

/* Begin PBXFileReference section */
		2556F1621F320CDD00097C8A /* WeatherApp.app */ = {isa = PBXFileReference; explicitFileType = wrapper.application; includeInIndex = 0; path = WeatherApp.app; sourceTree = BUILT_PRODUCTS_DIR; };
		2556F1671F320CDD00097C8A /* ViewController.swift */ = {isa = PBXFileReference; lastKnownFileType = sourcecode.swift; path = ViewController.swift; sourceTree = "<group>"; };
		2556F16A1F320CDD00097C8A /* Base */ = {isa = PBXFileReference; lastKnownFileType = file.storyboard; name = Base; path = Base.lproj/Main.storyboard; sourceTree = "<group>"; };
		2556F16C1F320CDD00097C8A /* Assets.xcassets */ = {isa = PBXFileReference; lastKnownFileType = folder.assetcatalog; path = Assets.xcassets; sourceTree = "<group>"; };
		2556F16F1F320CDD00097C8A /* Base */ = {isa = PBXFileReference; lastKnownFileType = file.storyboard; name = Base; path = Base.lproj/LaunchScreen.storyboard; sourceTree = "<group>"; };
		2556F1711F320CDD00097C8A /* Info.plist */ = {isa = PBXFileReference; lastKnownFileType = text.plist.xml; path = Info.plist; sourceTree = "<group>"; };
		2556F1761F320CDD00097C8A /* WeatherAppTests.xctest */ = {isa = PBXFileReference; explicitFileType = wrapper.cfbundle; includeInIndex = 0; path = WeatherAppTests.xctest; sourceTree = BUILT_PRODUCTS_DIR; };
		2556F17A1F320CDD00097C8A /* WeatherAppTests.swift */ = {isa = PBXFileReference; lastKnownFileType = sourcecode.swift; path = WeatherAppTests.swift; sourceTree = "<group>"; };
		2556F17C1F320CDD00097C8A /* Info.plist */ = {isa = PBXFileReference; lastKnownFileType = text.plist.xml; path = Info.plist; sourceTree = "<group>"; };
		2556F1811F320CDD00097C8A /* WeatherAppUITests.xctest */ = {isa = PBXFileReference; explicitFileType = wrapper.cfbundle; includeInIndex = 0; path = WeatherAppUITests.xctest; sourceTree = BUILT_PRODUCTS_DIR; };
		2556F1851F320CDD00097C8A /* WeatherAppUITests.swift */ = {isa = PBXFileReference; lastKnownFileType = sourcecode.swift; path = WeatherAppUITests.swift; sourceTree = "<group>"; };
		2556F1871F320CDD00097C8A /* Info.plist */ = {isa = PBXFileReference; lastKnownFileType = text.plist.xml; path = Info.plist; sourceTree = "<group>"; };
		2556F1971F320DB400097C8A /* AppDelegate.swift */ = {isa = PBXFileReference; fileEncoding = 4; lastKnownFileType = sourcecode.swift; path = AppDelegate.swift; sourceTree = "<group>"; };
/* End PBXFileReference section */

/* Begin PBXFrameworksBuildPhase section */
		2556F15F1F320CDD00097C8A /* Frameworks */ = {
			isa = PBXFrameworksBuildPhase;
			buildActionMask = 2147483647;
			files = (
			);
			runOnlyForDeploymentPostprocessing = 0;
		};
		2556F1731F320CDD00097C8A /* Frameworks */ = {
			isa = PBXFrameworksBuildPhase;
			buildActionMask = 2147483647;
			files = (
			);
			runOnlyForDeploymentPostprocessing = 0;
		};
		2556F17E1F320CDD00097C8A /* Frameworks */ = {
			isa = PBXFrameworksBuildPhase;
			buildActionMask = 2147483647;
			files = (
			);
			runOnlyForDeploymentPostprocessing = 0;
		};
/* End PBXFrameworksBuildPhase section */

/* Begin PBXGroup section */
		2556F1591F320CDD00097C8A = {
			isa = PBXGroup;
			children = (
				2556F1641F320CDD00097C8A /* WeatherApp */,
				2556F1791F320CDD00097C8A /* WeatherAppTests */,
				2556F1841F320CDD00097C8A /* WeatherAppUITests */,
				2556F1631F320CDD00097C8A /* Products */,
			);
			sourceTree = "<group>";
		};
		2556F1631F320CDD00097C8A /* Products */ = {
			isa = PBXGroup;
			children = (
				2556F1621F320CDD00097C8A /* WeatherApp.app */,
				2556F1761F320CDD00097C8A /* WeatherAppTests.xctest */,
				2556F1811F320CDD00097C8A /* WeatherAppUITests.xctest */,
			);
			name = Products;
			sourceTree = "<group>";
		};
		2556F1641F320CDD00097C8A /* WeatherApp */ = {
			isa = PBXGroup;
			children = (
				2556F1961F320DB400097C8A /* AppDelegate */,
				2556F1951F320D9200097C8A /* Presenter */,
				2556F1671F320CDD00097C8A /* ViewController.swift */,
				2556F16C1F320CDD00097C8A /* Assets.xcassets */,
				2556F1711F320CDD00097C8A /* Info.plist */,
			);
			path = WeatherApp;
			sourceTree = "<group>";
		};
		2556F1791F320CDD00097C8A /* WeatherAppTests */ = {
			isa = PBXGroup;
			children = (
				2556F17A1F320CDD00097C8A /* WeatherAppTests.swift */,
				2556F17C1F320CDD00097C8A /* Info.plist */,
			);
			path = WeatherAppTests;
			sourceTree = "<group>";
		};
		2556F1841F320CDD00097C8A /* WeatherAppUITests */ = {
			isa = PBXGroup;
			children = (
				2556F1851F320CDD00097C8A /* WeatherAppUITests.swift */,
				2556F1871F320CDD00097C8A /* Info.plist */,
			);
			path = WeatherAppUITests;
			sourceTree = "<group>";
		};
		2556F1951F320D9200097C8A /* Presenter */ = {
			isa = PBXGroup;
			children = (
				2556F1691F320CDD00097C8A /* Main.storyboard */,
				2556F16E1F320CDD00097C8A /* LaunchScreen.storyboard */,
			);
			path = Presenter;
			sourceTree = "<group>";
		};
		2556F1961F320DB400097C8A /* AppDelegate */ = {
			isa = PBXGroup;
			children = (
				2556F1971F320DB400097C8A /* AppDelegate.swift */,
			);
			path = AppDelegate;
			sourceTree = "<group>";
		};
/* End PBXGroup section */

/* Begin PBXNativeTarget section */
		2556F1611F320CDD00097C8A /* WeatherApp */ = {
			isa = PBXNativeTarget;
			buildConfigurationList = 2556F18A1F320CDD00097C8A /* Build configuration list for PBXNativeTarget "WeatherApp" */;
			buildPhases = (
				2556F15E1F320CDD00097C8A /* Sources */,
				2556F15F1F320CDD00097C8A /* Frameworks */,
				2556F1601F320CDD00097C8A /* Resources */,
			);
			buildRules = (
			);
			dependencies = (
			);
			name = WeatherApp;
			productName = WeatherApp;
			productReference = 2556F1621F320CDD00097C8A /* WeatherApp.app */;
			productType = "com.apple.product-type.application";
		};
		2556F1751F320CDD00097C8A /* WeatherAppTests */ = {
			isa = PBXNativeTarget;
			buildConfigurationList = 2556F18D1F320CDD00097C8A /* Build configuration list for PBXNativeTarget "WeatherAppTests" */;
			buildPhases = (
				2556F1721F320CDD00097C8A /* Sources */,
				2556F1731F320CDD00097C8A /* Frameworks */,
				2556F1741F320CDD00097C8A /* Resources */,
			);
			buildRules = (
			);
			dependencies = (
				2556F1781F320CDD00097C8A /* PBXTargetDependency */,
			);
			name = WeatherAppTests;
			productName = WeatherAppTests;
			productReference = 2556F1761F320CDD00097C8A /* WeatherAppTests.xctest */;
			productType = "com.apple.product-type.bundle.unit-test";
		};
		2556F1801F320CDD00097C8A /* WeatherAppUITests */ = {
			isa = PBXNativeTarget;
			buildConfigurationList = 2556F1901F320CDD00097C8A /* Build configuration list for PBXNativeTarget "WeatherAppUITests" */;
			buildPhases = (
				2556F17D1F320CDD00097C8A /* Sources */,
				2556F17E1F320CDD00097C8A /* Frameworks */,
				2556F17F1F320CDD00097C8A /* Resources */,
			);
			buildRules = (
			);
			dependencies = (
				2556F1831F320CDD00097C8A /* PBXTargetDependency */,
			);
			name = WeatherAppUITests;
			productName = WeatherAppUITests;
			productReference = 2556F1811F320CDD00097C8A /* WeatherAppUITests.xctest */;
			productType = "com.apple.product-type.bundle.ui-testing";
		};
/* End PBXNativeTarget section */

/* Begin PBXProject section */
		2556F15A1F320CDD00097C8A /* Project object */ = {
			isa = PBXProject;
			attributes = {
				LastSwiftUpdateCheck = 0830;
				LastUpgradeCheck = 0830;
				ORGANIZATIONNAME = "Taras Zinchenko";
				TargetAttributes = {
					2556F1611F320CDD00097C8A = {
						CreatedOnToolsVersion = 8.3.3;
						DevelopmentTeam = X3U33MR558;
						ProvisioningStyle = Automatic;
					};
					2556F1751F320CDD00097C8A = {
						CreatedOnToolsVersion = 8.3.3;
						ProvisioningStyle = Automatic;
						TestTargetID = 2556F1611F320CDD00097C8A;
					};
					2556F1801F320CDD00097C8A = {
						CreatedOnToolsVersion = 8.3.3;
						ProvisioningStyle = Automatic;
						TestTargetID = 2556F1611F320CDD00097C8A;
					};
				};
			};
			buildConfigurationList = 2556F15D1F320CDD00097C8A /* Build configuration list for PBXProject "WeatherApp" */;
			compatibilityVersion = "Xcode 3.2";
			developmentRegion = English;
			hasScannedForEncodings = 0;
			knownRegions = (
				en,
				Base,
			);
			mainGroup = 2556F1591F320CDD00097C8A;
			productRefGroup = 2556F1631F320CDD00097C8A /* Products */;
			projectDirPath = "";
			projectRoot = "";
			targets = (
				2556F1611F320CDD00097C8A /* WeatherApp */,
				2556F1751F320CDD00097C8A /* WeatherAppTests */,
				2556F1801F320CDD00097C8A /* WeatherAppUITests */,
			);
		};
/* End PBXProject section */

/* Begin PBXResourcesBuildPhase section */
		2556F1601F320CDD00097C8A /* Resources */ = {
			isa = PBXResourcesBuildPhase;
			buildActionMask = 2147483647;
			files = (
				2556F1701F320CDD00097C8A /* LaunchScreen.storyboard in Resources */,
				2556F16D1F320CDD00097C8A /* Assets.xcassets in Resources */,
				2556F16B1F320CDD00097C8A /* Main.storyboard in Resources */,
			);
			runOnlyForDeploymentPostprocessing = 0;
		};
		2556F1741F320CDD00097C8A /* Resources */ = {
			isa = PBXResourcesBuildPhase;
			buildActionMask = 2147483647;
			files = (
			);
			runOnlyForDeploymentPostprocessing = 0;
		};
		2556F17F1F320CDD00097C8A /* Resources */ = {
			isa = PBXResourcesBuildPhase;
			buildActionMask = 2147483647;
			files = (
			);
			runOnlyForDeploymentPostprocessing = 0;
		};
/* End PBXResourcesBuildPhase section */

/* Begin PBXSourcesBuildPhase section */
		2556F15E1F320CDD00097C8A /* Sources */ = {
			isa = PBXSourcesBuildPhase;
			buildActionMask = 2147483647;
			files = (
				2556F1981F320DB400097C8A /* AppDelegate.swift in Sources */,
				2556F1681F320CDD00097C8A /* ViewController.swift in Sources */,
			);
			runOnlyForDeploymentPostprocessing = 0;
		};
		2556F1721F320CDD00097C8A /* Sources */ = {
			isa = PBXSourcesBuildPhase;
			buildActionMask = 2147483647;
			files = (
				2556F17B1F320CDD00097C8A /* WeatherAppTests.swift in Sources */,
			);
			runOnlyForDeploymentPostprocessing = 0;
		};
		2556F17D1F320CDD00097C8A /* Sources */ = {
			isa = PBXSourcesBuildPhase;
			buildActionMask = 2147483647;
			files = (
				2556F1861F320CDD00097C8A /* WeatherAppUITests.swift in Sources */,
			);
			runOnlyForDeploymentPostprocessing = 0;
		};
/* End PBXSourcesBuildPhase section */

/* Begin PBXTargetDependency section */
		2556F1781F320CDD00097C8A /* PBXTargetDependency */ = {
			isa = PBXTargetDependency;
			target = 2556F1611F320CDD00097C8A /* WeatherApp */;
			targetProxy = 2556F1771F320CDD00097C8A /* PBXContainerItemProxy */;
		};
		2556F1831F320CDD00097C8A /* PBXTargetDependency */ = {
			isa = PBXTargetDependency;
			target = 2556F1611F320CDD00097C8A /* WeatherApp */;
			targetProxy = 2556F1821F320CDD00097C8A /* PBXContainerItemProxy */;
		};
/* End PBXTargetDependency section */

/* Begin PBXVariantGroup section */
		2556F1691F320CDD00097C8A /* Main.storyboard */ = {
			isa = PBXVariantGroup;
			children = (
				2556F16A1F320CDD00097C8A /* Base */,
			);
			name = Main.storyboard;
			path = ..;
			sourceTree = "<group>";
		};
		2556F16E1F320CDD00097C8A /* LaunchScreen.storyboard */ = {
			isa = PBXVariantGroup;
			children = (
				2556F16F1F320CDD00097C8A /* Base */,
			);
			name = LaunchScreen.storyboard;
			path = ..;
			sourceTree = "<group>";
		};
/* End PBXVariantGroup section */

/* Begin XCBuildConfiguration section */
		2556F1881F320CDD00097C8A /* Debug */ = {
			isa = XCBuildConfiguration;
			buildSettings = {
				ALWAYS_SEARCH_USER_PATHS = NO;
				CLANG_ANALYZER_NONNULL = YES;
				CLANG_ANALYZER_NUMBER_OBJECT_CONVERSION = YES_AGGRESSIVE;
				CLANG_CXX_LANGUAGE_STANDARD = "gnu++0x";
				CLANG_CXX_LIBRARY = "libc++";
				CLANG_ENABLE_MODULES = YES;
				CLANG_ENABLE_OBJC_ARC = YES;
				CLANG_WARN_BOOL_CONVERSION = YES;
				CLANG_WARN_CONSTANT_CONVERSION = YES;
				CLANG_WARN_DIRECT_OBJC_ISA_USAGE = YES_ERROR;
				CLANG_WARN_DOCUMENTATION_COMMENTS = YES;
				CLANG_WARN_EMPTY_BODY = YES;
				CLANG_WARN_ENUM_CONVERSION = YES;
				CLANG_WARN_INFINITE_RECURSION = YES;
				CLANG_WARN_INT_CONVERSION = YES;
				CLANG_WARN_OBJC_ROOT_CLASS = YES_ERROR;
				CLANG_WARN_SUSPICIOUS_MOVE = YES;
				CLANG_WARN_UNREACHABLE_CODE = YES;
				CLANG_WARN__DUPLICATE_METHOD_MATCH = YES;
				"CODE_SIGN_IDENTITY[sdk=iphoneos*]" = "iPhone Developer";
				COPY_PHASE_STRIP = NO;
				DEBUG_INFORMATION_FORMAT = dwarf;
				ENABLE_STRICT_OBJC_MSGSEND = YES;
				ENABLE_TESTABILITY = YES;
				GCC_C_LANGUAGE_STANDARD = gnu99;
				GCC_DYNAMIC_NO_PIC = NO;
				GCC_NO_COMMON_BLOCKS = YES;
				GCC_OPTIMIZATION_LEVEL = 0;
				GCC_PREPROCESSOR_DEFINITIONS = (
					"DEBUG=1",
					"$(inherited)",
				);
				GCC_WARN_64_TO_32_BIT_CONVERSION = YES;
				GCC_WARN_ABOUT_RETURN_TYPE = YES_ERROR;
				GCC_WARN_UNDECLARED_SELECTOR = YES;
				GCC_WARN_UNINITIALIZED_AUTOS = YES_AGGRESSIVE;
				GCC_WARN_UNUSED_FUNCTION = YES;
				GCC_WARN_UNUSED_VARIABLE = YES;
				IPHONEOS_DEPLOYMENT_TARGET = 10.3;
				MTL_ENABLE_DEBUG_INFO = YES;
				ONLY_ACTIVE_ARCH = YES;
				SDKROOT = iphoneos;
				SWIFT_ACTIVE_COMPILATION_CONDITIONS = DEBUG;
				SWIFT_OPTIMIZATION_LEVEL = "-Onone";
			};
			name = Debug;
		};
		2556F1891F320CDD00097C8A /* Release */ = {
			isa = XCBuildConfiguration;
			buildSettings = {
				ALWAYS_SEARCH_USER_PATHS = NO;
				CLANG_ANALYZER_NONNULL = YES;
				CLANG_ANALYZER_NUMBER_OBJECT_CONVERSION = YES_AGGRESSIVE;
				CLANG_CXX_LANGUAGE_STANDARD = "gnu++0x";
				CLANG_CXX_LIBRARY = "libc++";
				CLANG_ENABLE_MODULES = YES;
				CLANG_ENABLE_OBJC_ARC = YES;
				CLANG_WARN_BOOL_CONVERSION = YES;
				CLANG_WARN_CONSTANT_CONVERSION = YES;
				CLANG_WARN_DIRECT_OBJC_ISA_USAGE = YES_ERROR;
				CLANG_WARN_DOCUMENTATION_COMMENTS = YES;
				CLANG_WARN_EMPTY_BODY = YES;
				CLANG_WARN_ENUM_CONVERSION = YES;
				CLANG_WARN_INFINITE_RECURSION = YES;
				CLANG_WARN_INT_CONVERSION = YES;
				CLANG_WARN_OBJC_ROOT_CLASS = YES_ERROR;
				CLANG_WARN_SUSPICIOUS_MOVE = YES;
				CLANG_WARN_UNREACHABLE_CODE = YES;
				CLANG_WARN__DUPLICATE_METHOD_MATCH = YES;
				"CODE_SIGN_IDENTITY[sdk=iphoneos*]" = "iPhone Developer";
				COPY_PHASE_STRIP = NO;
				DEBUG_INFORMATION_FORMAT = "dwarf-with-dsym";
				ENABLE_NS_ASSERTIONS = NO;
				ENABLE_STRICT_OBJC_MSGSEND = YES;
				GCC_C_LANGUAGE_STANDARD = gnu99;
				GCC_NO_COMMON_BLOCKS = YES;
				GCC_WARN_64_TO_32_BIT_CONVERSION = YES;
				GCC_WARN_ABOUT_RETURN_TYPE = YES_ERROR;
				GCC_WARN_UNDECLARED_SELECTOR = YES;
				GCC_WARN_UNINITIALIZED_AUTOS = YES_AGGRESSIVE;
				GCC_WARN_UNUSED_FUNCTION = YES;
				GCC_WARN_UNUSED_VARIABLE = YES;
				IPHONEOS_DEPLOYMENT_TARGET = 10.3;
				MTL_ENABLE_DEBUG_INFO = NO;
				SDKROOT = iphoneos;
				SWIFT_OPTIMIZATION_LEVEL = "-Owholemodule";
				VALIDATE_PRODUCT = YES;
			};
			name = Release;
		};
		2556F18B1F320CDD00097C8A /* Debug */ = {
			isa = XCBuildConfiguration;
			buildSettings = {
				ASSETCATALOG_COMPILER_APPICON_NAME = AppIcon;
				DEVELOPMENT_TEAM = X3U33MR558;
				INFOPLIST_FILE = WeatherApp/Info.plist;
				LD_RUNPATH_SEARCH_PATHS = "$(inherited) @executable_path/Frameworks";
				PRODUCT_BUNDLE_IDENTIFIER = taraszinchenko.WeatherApp;
				PRODUCT_NAME = "$(TARGET_NAME)";
				SWIFT_VERSION = 3.0;
			};
			name = Debug;
		};
		2556F18C1F320CDD00097C8A /* Release */ = {
			isa = XCBuildConfiguration;
			buildSettings = {
				ASSETCATALOG_COMPILER_APPICON_NAME = AppIcon;
				DEVELOPMENT_TEAM = X3U33MR558;
				INFOPLIST_FILE = WeatherApp/Info.plist;
				LD_RUNPATH_SEARCH_PATHS = "$(inherited) @executable_path/Frameworks";
				PRODUCT_BUNDLE_IDENTIFIER = taraszinchenko.WeatherApp;
				PRODUCT_NAME = "$(TARGET_NAME)";
				SWIFT_VERSION = 3.0;
			};
			name = Release;
		};
		2556F18E1F320CDD00097C8A /* Debug */ = {
			isa = XCBuildConfiguration;
			buildSettings = {
				ALWAYS_EMBED_SWIFT_STANDARD_LIBRARIES = YES;
				BUNDLE_LOADER = "$(TEST_HOST)";
				INFOPLIST_FILE = WeatherAppTests/Info.plist;
				LD_RUNPATH_SEARCH_PATHS = "$(inherited) @executable_path/Frameworks @loader_path/Frameworks";
				PRODUCT_BUNDLE_IDENTIFIER = taraszinchenko.WeatherAppTests;
				PRODUCT_NAME = "$(TARGET_NAME)";
				SWIFT_VERSION = 3.0;
				TEST_HOST = "$(BUILT_PRODUCTS_DIR)/WeatherApp.app/WeatherApp";
			};
			name = Debug;
		};
		2556F18F1F320CDD00097C8A /* Release */ = {
			isa = XCBuildConfiguration;
			buildSettings = {
				ALWAYS_EMBED_SWIFT_STANDARD_LIBRARIES = YES;
				BUNDLE_LOADER = "$(TEST_HOST)";
				INFOPLIST_FILE = WeatherAppTests/Info.plist;
				LD_RUNPATH_SEARCH_PATHS = "$(inherited) @executable_path/Frameworks @loader_path/Frameworks";
				PRODUCT_BUNDLE_IDENTIFIER = taraszinchenko.WeatherAppTests;
				PRODUCT_NAME = "$(TARGET_NAME)";
				SWIFT_VERSION = 3.0;
				TEST_HOST = "$(BUILT_PRODUCTS_DIR)/WeatherApp.app/WeatherApp";
			};
			name = Release;
		};
		2556F1911F320CDD00097C8A /* Debug */ = {
			isa = XCBuildConfiguration;
			buildSettings = {
				ALWAYS_EMBED_SWIFT_STANDARD_LIBRARIES = YES;
				INFOPLIST_FILE = WeatherAppUITests/Info.plist;
				LD_RUNPATH_SEARCH_PATHS = "$(inherited) @executable_path/Frameworks @loader_path/Frameworks";
				PRODUCT_BUNDLE_IDENTIFIER = taraszinchenko.WeatherAppUITests;
				PRODUCT_NAME = "$(TARGET_NAME)";
				SWIFT_VERSION = 3.0;
				TEST_TARGET_NAME = WeatherApp;
			};
			name = Debug;
		};
		2556F1921F320CDD00097C8A /* Release */ = {
			isa = XCBuildConfiguration;
			buildSettings = {
				ALWAYS_EMBED_SWIFT_STANDARD_LIBRARIES = YES;
				INFOPLIST_FILE = WeatherAppUITests/Info.plist;
				LD_RUNPATH_SEARCH_PATHS = "$(inherited) @executable_path/Frameworks @loader_path/Frameworks";
				PRODUCT_BUNDLE_IDENTIFIER = taraszinchenko.WeatherAppUITests;
				PRODUCT_NAME = "$(TARGET_NAME)";
				SWIFT_VERSION = 3.0;
				TEST_TARGET_NAME = WeatherApp;
			};
			name = Release;
		};
/* End XCBuildConfiguration section */

/* Begin XCConfigurationList section */
		2556F15D1F320CDD00097C8A /* Build configuration list for PBXProject "WeatherApp" */ = {
			isa = XCConfigurationList;
			buildConfigurations = (
				2556F1881F320CDD00097C8A /* Debug */,
				2556F1891F320CDD00097C8A /* Release */,
			);
			defaultConfigurationIsVisible = 0;
			defaultConfigurationName = Release;
		};
		2556F18A1F320CDD00097C8A /* Build configuration list for PBXNativeTarget "WeatherApp" */ = {
			isa = XCConfigurationList;
			buildConfigurations = (
				2556F18B1F320CDD00097C8A /* Debug */,
				2556F18C1F320CDD00097C8A /* Release */,
			);
			defaultConfigurationIsVisible = 0;
		};
		2556F18D1F320CDD00097C8A /* Build configuration list for PBXNativeTarget "WeatherAppTests" */ = {
			isa = XCConfigurationList;
			buildConfigurations = (
				2556F18E1F320CDD00097C8A /* Debug */,
				2556F18F1F320CDD00097C8A /* Release */,
			);
			defaultConfigurationIsVisible = 0;
		};
		2556F1901F320CDD00097C8A /* Build configuration list for PBXNativeTarget "WeatherAppUITests" */ = {
			isa = XCConfigurationList;
			buildConfigurations = (
				2556F1911F320CDD00097C8A /* Debug */,
				2556F1921F320CDD00097C8A /* Release */,
			);
			defaultConfigurationIsVisible = 0;
		};
/* End XCConfigurationList section */
	};
	rootObject = 2556F15A1F320CDD00097C8A /* Project object */;
}
